
Microsoft Visual Studio Solution File, Format Version 12.00
# Visual Studio Version 17
VisualStudioVersion = 17.9.34723.18
MinimumVisualStudioVersion = 10.0.40219.1
Project("{FAE04EC0-301F-11D3-BF4B-00C04F79EFBC}") = "Deliverable1 ali", "Deliverable1 ali\Deliverable1 ali.csproj", "{591F201D-3BDE-4293-A694-7A491A1F794B}"
EndProject
Global
	GlobalSection(SolutionConfigurationPlatforms) = preSolution
		Debug|Any CPU = Debug|Any CPU
		Release|Any CPU = Release|Any CPU
	EndGlobalSection
	GlobalSection(ProjectConfigurationPlatforms) = postSolution
		{591F201D-3BDE-4293-A694-7A491A1F794B}.Debug|Any CPU.ActiveCfg = Debug|Any CPU
		{591F201D-3BDE-4293-A694-7A491A1F794B}.Debug|Any CPU.Build.0 = Debug|Any CPU
		{591F201D-3BDE-4293-A694-7A491A1F794B}.Release|Any CPU.ActiveCfg = Release|Any CPU
		{591F201D-3BDE-4293-A694-7A491A1F794B}.Release|Any CPU.Build.0 = Release|Any CPU
	EndGlobalSection
	GlobalSection(SolutionProperties) = preSolution
		HideSolutionNode = FALSE
	EndGlobalSection
	GlobalSection(ExtensibilityGlobals) = postSolution
		SolutionGuid = {8081AFC8-5D4A-4D97-A944-9EE3BDD28818}
	EndGlobalSection
EndGlobal
